
Microsoft Visual Studio Solution File, Format Version 12.00
# Visual Studio Version 17
VisualStudioVersion = 17.3.32929.385
MinimumVisualStudioVersion = 10.0.40219.1
Project("{FAE04EC0-301F-11D3-BF4B-00C04F79EFBC}") = "harjoitus23oikea", "harjoitus23oikea\harjoitus23oikea.csproj", "{E773E802-D335-4E10-B625-C39B971ACEDE}"
EndProject
Project("{FAE04EC0-301F-11D3-BF4B-00C04F79EFBC}") = "harjoitus24", "harjoitus24\harjoitus24.csproj", "{7416A608-B0C7-41E8-961B-A0E56993E8FE}"
EndProject
Project("{FAE04EC0-301F-11D3-BF4B-00C04F79EFBC}") = "harjoitus 25", "harjoitus 25\harjoitus 25.csproj", "{780BCAB3-E02E-435E-BA8E-91ADA4177AAF}"
EndProject
Project("{FAE04EC0-301F-11D3-BF4B-00C04F79EFBC}") = "harjoitus26 oma projekti", "harjoitus26 oma projekti\harjoitus26 oma projekti.csproj", "{77318A24-9515-4A1A-A00D-911C23DFB451}"
EndProject
Global
	GlobalSection(SolutionConfigurationPlatforms) = preSolution
		Debug|Any CPU = Debug|Any CPU
		Release|Any CPU = Release|Any CPU
	EndGlobalSection
	GlobalSection(ProjectConfigurationPlatforms) = postSolution
		{E773E802-D335-4E10-B625-C39B971ACEDE}.Debug|Any CPU.ActiveCfg = Debug|Any CPU
		{E773E802-D335-4E10-B625-C39B971ACEDE}.Debug|Any CPU.Build.0 = Debug|Any CPU
		{E773E802-D335-4E10-B625-C39B971ACEDE}.Release|Any CPU.ActiveCfg = Release|Any CPU
		{E773E802-D335-4E10-B625-C39B971ACEDE}.Release|Any CPU.Build.0 = Release|Any CPU
		{7416A608-B0C7-41E8-961B-A0E56993E8FE}.Debug|Any CPU.ActiveCfg = Debug|Any CPU
		{7416A608-B0C7-41E8-961B-A0E56993E8FE}.Debug|Any CPU.Build.0 = Debug|Any CPU
		{7416A608-B0C7-41E8-961B-A0E56993E8FE}.Release|Any CPU.ActiveCfg = Release|Any CPU
		{7416A608-B0C7-41E8-961B-A0E56993E8FE}.Release|Any CPU.Build.0 = Release|Any CPU
		{780BCAB3-E02E-435E-BA8E-91ADA4177AAF}.Debug|Any CPU.ActiveCfg = Debug|Any CPU
		{780BCAB3-E02E-435E-BA8E-91ADA4177AAF}.Debug|Any CPU.Build.0 = Debug|Any CPU
		{780BCAB3-E02E-435E-BA8E-91ADA4177AAF}.Release|Any CPU.ActiveCfg = Release|Any CPU
		{780BCAB3-E02E-435E-BA8E-91ADA4177AAF}.Release|Any CPU.Build.0 = Release|Any CPU
		{77318A24-9515-4A1A-A00D-911C23DFB451}.Debug|Any CPU.ActiveCfg = Debug|Any CPU
		{77318A24-9515-4A1A-A00D-911C23DFB451}.Debug|Any CPU.Build.0 = Debug|Any CPU
		{77318A24-9515-4A1A-A00D-911C23DFB451}.Release|Any CPU.ActiveCfg = Release|Any CPU
		{77318A24-9515-4A1A-A00D-911C23DFB451}.Release|Any CPU.Build.0 = Release|Any CPU
	EndGlobalSection
	GlobalSection(SolutionProperties) = preSolution
		HideSolutionNode = FALSE
	EndGlobalSection
	GlobalSection(ExtensibilityGlobals) = postSolution
		SolutionGuid = {07C32B1B-9F84-4089-B38B-EF12F1672A8E}
	EndGlobalSection
EndGlobal
