
Microsoft Visual Studio Solution File, Format Version 12.00
# Visual Studio Version 17
VisualStudioVersion = 17.3.32929.385
MinimumVisualStudioVersion = 10.0.40219.1
Project("{FAE04EC0-301F-11D3-BF4B-00C04F79EFBC}") = "harjoitus 15", "harjoitus 15\harjoitus 15.csproj", "{4DA22826-AF36-4989-9D4C-6BEE8509480B}"
EndProject
Global
	GlobalSection(SolutionConfigurationPlatforms) = preSolution
		Debug|Any CPU = Debug|Any CPU
		Release|Any CPU = Release|Any CPU
	EndGlobalSection
	GlobalSection(ProjectConfigurationPlatforms) = postSolution
		{4DA22826-AF36-4989-9D4C-6BEE8509480B}.Debug|Any CPU.ActiveCfg = Debug|Any CPU
		{4DA22826-AF36-4989-9D4C-6BEE8509480B}.Debug|Any CPU.Build.0 = Debug|Any CPU
		{4DA22826-AF36-4989-9D4C-6BEE8509480B}.Release|Any CPU.ActiveCfg = Release|Any CPU
		{4DA22826-AF36-4989-9D4C-6BEE8509480B}.Release|Any CPU.Build.0 = Release|Any CPU
	EndGlobalSection
	GlobalSection(SolutionProperties) = preSolution
		HideSolutionNode = FALSE
	EndGlobalSection
	GlobalSection(ExtensibilityGlobals) = postSolution
		SolutionGuid = {AF788ED2-71BF-4281-98E4-0A5820A667EC}
	EndGlobalSection
EndGlobal
