
Microsoft Visual Studio Solution File, Format Version 12.00
# Visual Studio Version 17
VisualStudioVersion = 17.3.32929.385
MinimumVisualStudioVersion = 10.0.40219.1
Project("{FAE04EC0-301F-11D3-BF4B-00C04F79EFBC}") = "harjoitus19", "harjoitus19\harjoitus19.csproj", "{EE360482-2F85-489D-975F-B27D43F21D08}"
EndProject
Project("{FAE04EC0-301F-11D3-BF4B-00C04F79EFBC}") = "harjoitus20oikea", "harjoitus20oikea\harjoitus20oikea.csproj", "{C572D7B3-4215-482F-92BD-2A86E4439163}"
EndProject
Project("{FAE04EC0-301F-11D3-BF4B-00C04F79EFBC}") = "tehtävä21", "tehtävä21\tehtävä21.csproj", "{4D54E7DF-D07C-49BC-92F6-877EF1CEB152}"
EndProject
Project("{FAE04EC0-301F-11D3-BF4B-00C04F79EFBC}") = "tehtävä21_oikea", "tehtävä21_oikea\tehtävä21_oikea.csproj", "{AA2BA6EB-E4C0-417E-9969-335C88F2D20A}"
EndProject
Project("{FAE04EC0-301F-11D3-BF4B-00C04F79EFBC}") = "harjoitus22", "harjoitus22\harjoitus22.csproj", "{1101A329-D816-4512-87D7-8A8F6FB93932}"
EndProject
Project("{FAE04EC0-301F-11D3-BF4B-00C04F79EFBC}") = "harjoitus22oikea", "harjoitus22oikea\harjoitus22oikea.csproj", "{760B4491-5C1D-4D87-BB38-E165A6AECC87}"
EndProject
Global
	GlobalSection(SolutionConfigurationPlatforms) = preSolution
		Debug|Any CPU = Debug|Any CPU
		Release|Any CPU = Release|Any CPU
	EndGlobalSection
	GlobalSection(ProjectConfigurationPlatforms) = postSolution
		{EE360482-2F85-489D-975F-B27D43F21D08}.Debug|Any CPU.ActiveCfg = Debug|Any CPU
		{EE360482-2F85-489D-975F-B27D43F21D08}.Debug|Any CPU.Build.0 = Debug|Any CPU
		{EE360482-2F85-489D-975F-B27D43F21D08}.Release|Any CPU.ActiveCfg = Release|Any CPU
		{EE360482-2F85-489D-975F-B27D43F21D08}.Release|Any CPU.Build.0 = Release|Any CPU
		{C572D7B3-4215-482F-92BD-2A86E4439163}.Debug|Any CPU.ActiveCfg = Debug|Any CPU
		{C572D7B3-4215-482F-92BD-2A86E4439163}.Debug|Any CPU.Build.0 = Debug|Any CPU
		{C572D7B3-4215-482F-92BD-2A86E4439163}.Release|Any CPU.ActiveCfg = Release|Any CPU
		{C572D7B3-4215-482F-92BD-2A86E4439163}.Release|Any CPU.Build.0 = Release|Any CPU
		{4D54E7DF-D07C-49BC-92F6-877EF1CEB152}.Debug|Any CPU.ActiveCfg = Debug|Any CPU
		{4D54E7DF-D07C-49BC-92F6-877EF1CEB152}.Debug|Any CPU.Build.0 = Debug|Any CPU
		{4D54E7DF-D07C-49BC-92F6-877EF1CEB152}.Release|Any CPU.ActiveCfg = Release|Any CPU
		{4D54E7DF-D07C-49BC-92F6-877EF1CEB152}.Release|Any CPU.Build.0 = Release|Any CPU
		{AA2BA6EB-E4C0-417E-9969-335C88F2D20A}.Debug|Any CPU.ActiveCfg = Debug|Any CPU
		{AA2BA6EB-E4C0-417E-9969-335C88F2D20A}.Debug|Any CPU.Build.0 = Debug|Any CPU
		{AA2BA6EB-E4C0-417E-9969-335C88F2D20A}.Release|Any CPU.ActiveCfg = Release|Any CPU
		{AA2BA6EB-E4C0-417E-9969-335C88F2D20A}.Release|Any CPU.Build.0 = Release|Any CPU
		{1101A329-D816-4512-87D7-8A8F6FB93932}.Debug|Any CPU.ActiveCfg = Debug|Any CPU
		{1101A329-D816-4512-87D7-8A8F6FB93932}.Debug|Any CPU.Build.0 = Debug|Any CPU
		{1101A329-D816-4512-87D7-8A8F6FB93932}.Release|Any CPU.ActiveCfg = Release|Any CPU
		{1101A329-D816-4512-87D7-8A8F6FB93932}.Release|Any CPU.Build.0 = Release|Any CPU
		{760B4491-5C1D-4D87-BB38-E165A6AECC87}.Debug|Any CPU.ActiveCfg = Debug|Any CPU
		{760B4491-5C1D-4D87-BB38-E165A6AECC87}.Debug|Any CPU.Build.0 = Debug|Any CPU
		{760B4491-5C1D-4D87-BB38-E165A6AECC87}.Release|Any CPU.ActiveCfg = Release|Any CPU
		{760B4491-5C1D-4D87-BB38-E165A6AECC87}.Release|Any CPU.Build.0 = Release|Any CPU
	EndGlobalSection
	GlobalSection(SolutionProperties) = preSolution
		HideSolutionNode = FALSE
	EndGlobalSection
	GlobalSection(ExtensibilityGlobals) = postSolution
		SolutionGuid = {635971EA-43C8-4D65-87EE-675A1886DC64}
	EndGlobalSection
EndGlobal
